{
  "name": "lantransfer",
  "version": "1.0.11",
  "lockfileVersion": 3,
  "requires": true,
  "packages": {
    "": {
      "name": "lantransfer",
      "version": "1.0.11",
      "license": "MIT",
      "bin": {
        "lantransfer": "server.js"
      },
      "engines": {
        "node": ">=16.0.0"
      }
    }
  }
}
